// !$*UTF8*$!
{
	archiveVersion = 1;
	classes = {
	};
	objectVersion = 51;
	objects = {

/* Begin PBXBuildFile section */
		4969F2D526A6FCDA00D5FBB6 /* AppDelegate.swift in Sources */ = {isa = PBXBuildFile; fileRef = 4969F2D426A6FCDA00D5FBB6 /* AppDelegate.swift */; };
		4969F2D726A6FCDA00D5FBB6 /* SceneDelegate.swift in Sources */ = {isa = PBXBuildFile; fileRef = 4969F2D626A6FCDA00D5FBB6 /* SceneDelegate.swift */; };
		4969F2D926A6FCDA00D5FBB6 /* NewsViewController.swift in Sources */ = {isa = PBXBuildFile; fileRef = 4969F2D826A6FCDA00D5FBB6 /* NewsViewController.swift */; };
		4969F2DC26A6FCDA00D5FBB6 /* Main.storyboard in Resources */ = {isa = PBXBuildFile; fileRef = 4969F2DA26A6FCDA00D5FBB6 /* Main.storyboard */; };
		4969F2DE26A6FCDF00D5FBB6 /* Assets.xcassets in Resources */ = {isa = PBXBuildFile; fileRef = 4969F2DD26A6FCDF00D5FBB6 /* Assets.xcassets */; };
		4969F2E126A6FCDF00D5FBB6 /* LaunchScreen.storyboard in Resources */ = {isa = PBXBuildFile; fileRef = 4969F2DF26A6FCDF00D5FBB6 /* LaunchScreen.storyboard */; };
		4969F2EC26A6FCDF00D5FBB6 /* NewsAPITests.swift in Sources */ = {isa = PBXBuildFile; fileRef = 4969F2EB26A6FCDF00D5FBB6 /* NewsAPITests.swift */; };
		4969F30326A7093C00D5FBB6 /* Errors.swift in Sources */ = {isa = PBXBuildFile; fileRef = 4969F30226A7093C00D5FBB6 /* Errors.swift */; };
		4969F30526A7097600D5FBB6 /* Globals.swift in Sources */ = {isa = PBXBuildFile; fileRef = 4969F30426A7097600D5FBB6 /* Globals.swift */; };
		497BC5A526A7ABC2005ADDE8 /* NewsModel.swift in Sources */ = {isa = PBXBuildFile; fileRef = 497BC5A426A7ABC2005ADDE8 /* NewsModel.swift */; };
		49B7DD0426A7F01800ADFCF8 /* NewsDetailsViewController.swift in Sources */ = {isa = PBXBuildFile; fileRef = 49B7DD0326A7F01800ADFCF8 /* NewsDetailsViewController.swift */; };
		49B7DD0A26A8113500ADFCF8 /* APIHandler.swift in Sources */ = {isa = PBXBuildFile; fileRef = 49B7DD0926A8113500ADFCF8 /* APIHandler.swift */; };
		49B7DD0C26A811AA00ADFCF8 /* NewsViewModel.swift in Sources */ = {isa = PBXBuildFile; fileRef = 49B7DD0B26A811AA00ADFCF8 /* NewsViewModel.swift */; };
		54B3CCDE7A5D4466319E12E3 /* Pods_NewsAPI.framework in Frameworks */ = {isa = PBXBuildFile; fileRef = C45AA2767B5D01D4B78BE8A1 /* Pods_NewsAPI.framework */; };
		9726B3C6B82A80207B656C8C /* Pods_NewsAPITests.framework in Frameworks */ = {isa = PBXBuildFile; fileRef = 046EEA74A599D5A38BBE3C6B /* Pods_NewsAPITests.framework */; };
/* End PBXBuildFile section */

/* Begin PBXContainerItemProxy section */
		4969F2E826A6FCDF00D5FBB6 /* PBXContainerItemProxy */ = {
			isa = PBXContainerItemProxy;
			containerPortal = 4969F2C926A6FCDA00D5FBB6 /* Project object */;
			proxyType = 1;
			remoteGlobalIDString = 4969F2D026A6FCDA00D5FBB6;
			remoteInfo = NewsAPI;
		};
/* End PBXContainerItemProxy section */

/* Begin PBXFileReference section */
		046EEA74A599D5A38BBE3C6B /* Pods_NewsAPITests.framework */ = {isa = PBXFileReference; explicitFileType = wrapper.framework; includeInIndex = 0; path = Pods_NewsAPITests.framework; sourceTree = BUILT_PRODUCTS_DIR; };
		0B76E4F8156B5A1E941DCE7B /* Pods-NewsAPITests.release.xcconfig */ = {isa = PBXFileReference; includeInIndex = 1; lastKnownFileType = text.xcconfig; name = "Pods-NewsAPITests.release.xcconfig"; path = "Target Support Files/Pods-NewsAPITests/Pods-NewsAPITests.release.xcconfig"; sourceTree = "<group>"; };
		16CB9776C984D46F6D0C5740 /* Pods-NewsAPI.release.xcconfig */ = {isa = PBXFileReference; includeInIndex = 1; lastKnownFileType = text.xcconfig; name = "Pods-NewsAPI.release.xcconfig"; path = "Target Support Files/Pods-NewsAPI/Pods-NewsAPI.release.xcconfig"; sourceTree = "<group>"; };
		47A84F8403F4DDDCB78E48A9 /* Pods-NewsAPI.debug.xcconfig */ = {isa = PBXFileReference; includeInIndex = 1; lastKnownFileType = text.xcconfig; name = "Pods-NewsAPI.debug.xcconfig"; path = "Target Support Files/Pods-NewsAPI/Pods-NewsAPI.debug.xcconfig"; sourceTree = "<group>"; };
		4969F2D126A6FCDA00D5FBB6 /* NewsAPI.app */ = {isa = PBXFileReference; explicitFileType = wrapper.application; includeInIndex = 0; path = NewsAPI.app; sourceTree = BUILT_PRODUCTS_DIR; };
		4969F2D426A6FCDA00D5FBB6 /* AppDelegate.swift */ = {isa = PBXFileReference; lastKnownFileType = sourcecode.swift; path = AppDelegate.swift; sourceTree = "<group>"; };
		4969F2D626A6FCDA00D5FBB6 /* SceneDelegate.swift */ = {isa = PBXFileReference; lastKnownFileType = sourcecode.swift; path = SceneDelegate.swift; sourceTree = "<group>"; };
		4969F2D826A6FCDA00D5FBB6 /* NewsViewController.swift */ = {isa = PBXFileReference; lastKnownFileType = sourcecode.swift; path = NewsViewController.swift; sourceTree = "<group>"; };
		4969F2DB26A6FCDA00D5FBB6 /* Base */ = {isa = PBXFileReference; lastKnownFileType = file.storyboard; name = Base; path = Base.lproj/Main.storyboard; sourceTree = "<group>"; };
		4969F2DD26A6FCDF00D5FBB6 /* Assets.xcassets */ = {isa = PBXFileReference; lastKnownFileType = folder.assetcatalog; path = Assets.xcassets; sourceTree = "<group>"; };
		4969F2E026A6FCDF00D5FBB6 /* Base */ = {isa = PBXFileReference; lastKnownFileType = file.storyboard; name = Base; path = Base.lproj/LaunchScreen.storyboard; sourceTree = "<group>"; };
		4969F2E226A6FCDF00D5FBB6 /* Info.plist */ = {isa = PBXFileReference; lastKnownFileType = text.plist.xml; path = Info.plist; sourceTree = "<group>"; };
		4969F2E726A6FCDF00D5FBB6 /* NewsAPITests.xctest */ = {isa = PBXFileReference; explicitFileType = wrapper.cfbundle; includeInIndex = 0; path = NewsAPITests.xctest; sourceTree = BUILT_PRODUCTS_DIR; };
		4969F2EB26A6FCDF00D5FBB6 /* NewsAPITests.swift */ = {isa = PBXFileReference; lastKnownFileType = sourcecode.swift; path = NewsAPITests.swift; sourceTree = "<group>"; };
		4969F2ED26A6FCDF00D5FBB6 /* Info.plist */ = {isa = PBXFileReference; lastKnownFileType = text.plist.xml; path = Info.plist; sourceTree = "<group>"; };
		4969F30226A7093C00D5FBB6 /* Errors.swift */ = {isa = PBXFileReference; lastKnownFileType = sourcecode.swift; path = Errors.swift; sourceTree = "<group>"; };
		4969F30426A7097600D5FBB6 /* Globals.swift */ = {isa = PBXFileReference; lastKnownFileType = sourcecode.swift; path = Globals.swift; sourceTree = "<group>"; };
		497BC5A426A7ABC2005ADDE8 /* NewsModel.swift */ = {isa = PBXFileReference; lastKnownFileType = sourcecode.swift; path = NewsModel.swift; sourceTree = "<group>"; };
		49B7DD0326A7F01800ADFCF8 /* NewsDetailsViewController.swift */ = {isa = PBXFileReference; lastKnownFileType = sourcecode.swift; path = NewsDetailsViewController.swift; sourceTree = "<group>"; };
		49B7DD0926A8113500ADFCF8 /* APIHandler.swift */ = {isa = PBXFileReference; lastKnownFileType = sourcecode.swift; path = APIHandler.swift; sourceTree = "<group>"; };
		49B7DD0B26A811AA00ADFCF8 /* NewsViewModel.swift */ = {isa = PBXFileReference; lastKnownFileType = sourcecode.swift; path = NewsViewModel.swift; sourceTree = "<group>"; };
		6F4B1A5D7C08A88213853096 /* Pods-NewsAPITests.debug.xcconfig */ = {isa = PBXFileReference; includeInIndex = 1; lastKnownFileType = text.xcconfig; name = "Pods-NewsAPITests.debug.xcconfig"; path = "Target Support Files/Pods-NewsAPITests/Pods-NewsAPITests.debug.xcconfig"; sourceTree = "<group>"; };
		C45AA2767B5D01D4B78BE8A1 /* Pods_NewsAPI.framework */ = {isa = PBXFileReference; explicitFileType = wrapper.framework; includeInIndex = 0; path = Pods_NewsAPI.framework; sourceTree = BUILT_PRODUCTS_DIR; };
/* End PBXFileReference section */

/* Begin PBXFrameworksBuildPhase section */
		4969F2CE26A6FCDA00D5FBB6 /* Frameworks */ = {
			isa = PBXFrameworksBuildPhase;
			buildActionMask = 2147483647;
			files = (
				54B3CCDE7A5D4466319E12E3 /* Pods_NewsAPI.framework in Frameworks */,
			);
			runOnlyForDeploymentPostprocessing = 0;
		};
		4969F2E426A6FCDF00D5FBB6 /* Frameworks */ = {
			isa = PBXFrameworksBuildPhase;
			buildActionMask = 2147483647;
			files = (
				9726B3C6B82A80207B656C8C /* Pods_NewsAPITests.framework in Frameworks */,
			);
			runOnlyForDeploymentPostprocessing = 0;
		};
/* End PBXFrameworksBuildPhase section */

/* Begin PBXGroup section */
		0F8F2E8C4AAAC8E4EF981A96 /* Frameworks */ = {
			isa = PBXGroup;
			children = (
				C45AA2767B5D01D4B78BE8A1 /* Pods_NewsAPI.framework */,
				046EEA74A599D5A38BBE3C6B /* Pods_NewsAPITests.framework */,
			);
			name = Frameworks;
			sourceTree = "<group>";
		};
		4969F2C826A6FCDA00D5FBB6 = {
			isa = PBXGroup;
			children = (
				4969F2D326A6FCDA00D5FBB6 /* NewsAPI */,
				4969F2EA26A6FCDF00D5FBB6 /* NewsAPITests */,
				4969F2D226A6FCDA00D5FBB6 /* Products */,
				BB643FF75181C0ED0EF3A6B8 /* Pods */,
				0F8F2E8C4AAAC8E4EF981A96 /* Frameworks */,
			);
			sourceTree = "<group>";
		};
		4969F2D226A6FCDA00D5FBB6 /* Products */ = {
			isa = PBXGroup;
			children = (
				4969F2D126A6FCDA00D5FBB6 /* NewsAPI.app */,
				4969F2E726A6FCDF00D5FBB6 /* NewsAPITests.xctest */,
			);
			name = Products;
			sourceTree = "<group>";
		};
		4969F2D326A6FCDA00D5FBB6 /* NewsAPI */ = {
			isa = PBXGroup;
			children = (
				49B7DD0826A8112000ADFCF8 /* API Handler */,
				4969F2FB26A7008F00D5FBB6 /* Supporting Files */,
				4969F2FA26A7008700D5FBB6 /* Storyboard */,
				4969F2F926A7007C00D5FBB6 /* Global Variables */,
				4969F2F826A7006300D5FBB6 /* View Controllers */,
				4969F2F726A7005A00D5FBB6 /* View Models */,
				4969F2F626A7004D00D5FBB6 /* Models */,
			);
			path = NewsAPI;
			sourceTree = "<group>";
		};
		4969F2EA26A6FCDF00D5FBB6 /* NewsAPITests */ = {
			isa = PBXGroup;
			children = (
				4969F2EB26A6FCDF00D5FBB6 /* NewsAPITests.swift */,
				4969F2ED26A6FCDF00D5FBB6 /* Info.plist */,
			);
			path = NewsAPITests;
			sourceTree = "<group>";
		};
		4969F2F626A7004D00D5FBB6 /* Models */ = {
			isa = PBXGroup;
			children = (
				497BC5A426A7ABC2005ADDE8 /* NewsModel.swift */,
			);
			path = Models;
			sourceTree = "<group>";
		};
		4969F2F726A7005A00D5FBB6 /* View Models */ = {
			isa = PBXGroup;
			children = (
				49B7DD0B26A811AA00ADFCF8 /* NewsViewModel.swift */,
			);
			path = "View Models";
			sourceTree = "<group>";
		};
		4969F2F826A7006300D5FBB6 /* View Controllers */ = {
			isa = PBXGroup;
			children = (
				4969F2D826A6FCDA00D5FBB6 /* NewsViewController.swift */,
				49B7DD0326A7F01800ADFCF8 /* NewsDetailsViewController.swift */,
			);
			path = "View Controllers";
			sourceTree = "<group>";
		};
		4969F2F926A7007C00D5FBB6 /* Global Variables */ = {
			isa = PBXGroup;
			children = (
				4969F30226A7093C00D5FBB6 /* Errors.swift */,
				4969F30426A7097600D5FBB6 /* Globals.swift */,
			);
			path = "Global Variables";
			sourceTree = "<group>";
		};
		4969F2FA26A7008700D5FBB6 /* Storyboard */ = {
			isa = PBXGroup;
			children = (
				4969F2DA26A6FCDA00D5FBB6 /* Main.storyboard */,
			);
			path = Storyboard;
			sourceTree = "<group>";
		};
		4969F2FB26A7008F00D5FBB6 /* Supporting Files */ = {
			isa = PBXGroup;
			children = (
				4969F2D426A6FCDA00D5FBB6 /* AppDelegate.swift */,
				4969F2D626A6FCDA00D5FBB6 /* SceneDelegate.swift */,
				4969F2DD26A6FCDF00D5FBB6 /* Assets.xcassets */,
				4969F2DF26A6FCDF00D5FBB6 /* LaunchScreen.storyboard */,
				4969F2E226A6FCDF00D5FBB6 /* Info.plist */,
			);
			path = "Supporting Files";
			sourceTree = "<group>";
		};
		49B7DD0826A8112000ADFCF8 /* API Handler */ = {
			isa = PBXGroup;
			children = (
				49B7DD0926A8113500ADFCF8 /* APIHandler.swift */,
			);
			path = "API Handler";
			sourceTree = "<group>";
		};
		BB643FF75181C0ED0EF3A6B8 /* Pods */ = {
			isa = PBXGroup;
			children = (
				47A84F8403F4DDDCB78E48A9 /* Pods-NewsAPI.debug.xcconfig */,
				16CB9776C984D46F6D0C5740 /* Pods-NewsAPI.release.xcconfig */,
				6F4B1A5D7C08A88213853096 /* Pods-NewsAPITests.debug.xcconfig */,
				0B76E4F8156B5A1E941DCE7B /* Pods-NewsAPITests.release.xcconfig */,
			);
			path = Pods;
			sourceTree = "<group>";
		};
/* End PBXGroup section */

/* Begin PBXNativeTarget section */
		4969F2D026A6FCDA00D5FBB6 /* NewsAPI */ = {
			isa = PBXNativeTarget;
			buildConfigurationList = 4969F2F026A6FCDF00D5FBB6 /* Build configuration list for PBXNativeTarget "NewsAPI" */;
			buildPhases = (
				E7031D323B7BC3096D95215C /* [CP] Check Pods Manifest.lock */,
				4969F2CD26A6FCDA00D5FBB6 /* Sources */,
				4969F2CE26A6FCDA00D5FBB6 /* Frameworks */,
				4969F2CF26A6FCDA00D5FBB6 /* Resources */,
				B67C03FD980A77FC5CBFD874 /* [CP] Embed Pods Frameworks */,
			);
			buildRules = (
			);
			dependencies = (
			);
			name = NewsAPI;
			productName = NewsAPI;
			productReference = 4969F2D126A6FCDA00D5FBB6 /* NewsAPI.app */;
			productType = "com.apple.product-type.application";
		};
		4969F2E626A6FCDF00D5FBB6 /* NewsAPITests */ = {
			isa = PBXNativeTarget;
			buildConfigurationList = 4969F2F326A6FCDF00D5FBB6 /* Build configuration list for PBXNativeTarget "NewsAPITests" */;
			buildPhases = (
				9F3A8A9E00C704FBCF830C91 /* [CP] Check Pods Manifest.lock */,
				4969F2E326A6FCDF00D5FBB6 /* Sources */,
				4969F2E426A6FCDF00D5FBB6 /* Frameworks */,
				4969F2E526A6FCDF00D5FBB6 /* Resources */,
				E21AB9FE042D60282D435B98 /* [CP] Embed Pods Frameworks */,
			);
			buildRules = (
			);
			dependencies = (
				4969F2E926A6FCDF00D5FBB6 /* PBXTargetDependency */,
			);
			name = NewsAPITests;
			productName = NewsAPITests;
			productReference = 4969F2E726A6FCDF00D5FBB6 /* NewsAPITests.xctest */;
			productType = "com.apple.product-type.bundle.unit-test";
		};
/* End PBXNativeTarget section */

/* Begin PBXProject section */
		4969F2C926A6FCDA00D5FBB6 /* Project object */ = {
			isa = PBXProject;
			attributes = {
				LastSwiftUpdateCheck = 1150;
				LastUpgradeCheck = 1150;
				ORGANIZATIONNAME = "Paul Angelo Chua";
				TargetAttributes = {
					4969F2D026A6FCDA00D5FBB6 = {
						CreatedOnToolsVersion = 11.5;
					};
					4969F2E626A6FCDF00D5FBB6 = {
						CreatedOnToolsVersion = 11.5;
						TestTargetID = 4969F2D026A6FCDA00D5FBB6;
					};
				};
			};
			buildConfigurationList = 4969F2CC26A6FCDA00D5FBB6 /* Build configuration list for PBXProject "NewsAPI" */;
			compatibilityVersion = "Xcode 9.3";
			developmentRegion = en;
			hasScannedForEncodings = 0;
			knownRegions = (
				en,
				Base,
			);
			mainGroup = 4969F2C826A6FCDA00D5FBB6;
			productRefGroup = 4969F2D226A6FCDA00D5FBB6 /* Products */;
			projectDirPath = "";
			projectRoot = "";
			targets = (
				4969F2D026A6FCDA00D5FBB6 /* NewsAPI */,
				4969F2E626A6FCDF00D5FBB6 /* NewsAPITests */,
			);
		};
/* End PBXProject section */

/* Begin PBXResourcesBuildPhase section */
		4969F2CF26A6FCDA00D5FBB6 /* Resources */ = {
			isa = PBXResourcesBuildPhase;
			buildActionMask = 2147483647;
			files = (
				4969F2E126A6FCDF00D5FBB6 /* LaunchScreen.storyboard in Resources */,
				4969F2DE26A6FCDF00D5FBB6 /* Assets.xcassets in Resources */,
				4969F2DC26A6FCDA00D5FBB6 /* Main.storyboard in Resources */,
			);
			runOnlyForDeploymentPostprocessing = 0;
		};
		4969F2E526A6FCDF00D5FBB6 /* Resources */ = {
			isa = PBXResourcesBuildPhase;
			buildActionMask = 2147483647;
			files = (
			);
			runOnlyForDeploymentPostprocessing = 0;
		};
/* End PBXResourcesBuildPhase section */

/* Begin PBXShellScriptBuildPhase section */
		9F3A8A9E00C704FBCF830C91 /* [CP] Check Pods Manifest.lock */ = {
			isa = PBXShellScriptBuildPhase;
			buildActionMask = 2147483647;
			files = (
			);
			inputFileListPaths = (
			);
			inputPaths = (
				"${PODS_PODFILE_DIR_PATH}/Podfile.lock",
				"${PODS_ROOT}/Manifest.lock",
			);
			name = "[CP] Check Pods Manifest.lock";
			outputFileListPaths = (
			);
			outputPaths = (
				"$(DERIVED_FILE_DIR)/Pods-NewsAPITests-checkManifestLockResult.txt",
			);
			runOnlyForDeploymentPostprocessing = 0;
			shellPath = /bin/sh;
			shellScript = "diff \"${PODS_PODFILE_DIR_PATH}/Podfile.lock\" \"${PODS_ROOT}/Manifest.lock\" > /dev/null\nif [ $? != 0 ] ; then\n    # print error to STDERR\n    echo \"error: The sandbox is not in sync with the Podfile.lock. Run 'pod install' or update your CocoaPods installation.\" >&2\n    exit 1\nfi\n# This output is used by Xcode 'outputs' to avoid re-running this script phase.\necho \"SUCCESS\" > \"${SCRIPT_OUTPUT_FILE_0}\"\n";
			showEnvVarsInLog = 0;
		};
		B67C03FD980A77FC5CBFD874 /* [CP] Embed Pods Frameworks */ = {
			isa = PBXShellScriptBuildPhase;
			buildActionMask = 2147483647;
			files = (
			);
			inputFileListPaths = (
				"${PODS_ROOT}/Target Support Files/Pods-NewsAPI/Pods-NewsAPI-frameworks-${CONFIGURATION}-input-files.xcfilelist",
			);
			name = "[CP] Embed Pods Frameworks";
			outputFileListPaths = (
				"${PODS_ROOT}/Target Support Files/Pods-NewsAPI/Pods-NewsAPI-frameworks-${CONFIGURATION}-output-files.xcfilelist",
			);
			runOnlyForDeploymentPostprocessing = 0;
			shellPath = /bin/sh;
			shellScript = "\"${PODS_ROOT}/Target Support Files/Pods-NewsAPI/Pods-NewsAPI-frameworks.sh\"\n";
			showEnvVarsInLog = 0;
		};
		E21AB9FE042D60282D435B98 /* [CP] Embed Pods Frameworks */ = {
			isa = PBXShellScriptBuildPhase;
			buildActionMask = 2147483647;
			files = (
			);
			inputFileListPaths = (
				"${PODS_ROOT}/Target Support Files/Pods-NewsAPITests/Pods-NewsAPITests-frameworks-${CONFIGURATION}-input-files.xcfilelist",
			);
			name = "[CP] Embed Pods Frameworks";
			outputFileListPaths = (
				"${PODS_ROOT}/Target Support Files/Pods-NewsAPITests/Pods-NewsAPITests-frameworks-${CONFIGURATION}-output-files.xcfilelist",
			);
			runOnlyForDeploymentPostprocessing = 0;
			shellPath = /bin/sh;
			shellScript = "\"${PODS_ROOT}/Target Support Files/Pods-NewsAPITests/Pods-NewsAPITests-frameworks.sh\"\n";
			showEnvVarsInLog = 0;
		};
		E7031D323B7BC3096D95215C /* [CP] Check Pods Manifest.lock */ = {
			isa = PBXShellScriptBuildPhase;
			buildActionMask = 2147483647;
			files = (
			);
			inputFileListPaths = (
			);
			inputPaths = (
				"${PODS_PODFILE_DIR_PATH}/Podfile.lock",
				"${PODS_ROOT}/Manifest.lock",
			);
			name = "[CP] Check Pods Manifest.lock";
			outputFileListPaths = (
			);
			outputPaths = (
				"$(DERIVED_FILE_DIR)/Pods-NewsAPI-checkManifestLockResult.txt",
			);
			runOnlyForDeploymentPostprocessing = 0;
			shellPath = /bin/sh;
			shellScript = "diff \"${PODS_PODFILE_DIR_PATH}/Podfile.lock\" \"${PODS_ROOT}/Manifest.lock\" > /dev/null\nif [ $? != 0 ] ; then\n    # print error to STDERR\n    echo \"error: The sandbox is not in sync with the Podfile.lock. Run 'pod install' or update your CocoaPods installation.\" >&2\n    exit 1\nfi\n# This output is used by Xcode 'outputs' to avoid re-running this script phase.\necho \"SUCCESS\" > \"${SCRIPT_OUTPUT_FILE_0}\"\n";
			showEnvVarsInLog = 0;
		};
/* End PBXShellScriptBuildPhase section */

/* Begin PBXSourcesBuildPhase section */
		4969F2CD26A6FCDA00D5FBB6 /* Sources */ = {
			isa = PBXSourcesBuildPhase;
			buildActionMask = 2147483647;
			files = (
				497BC5A526A7ABC2005ADDE8 /* NewsModel.swift in Sources */,
				4969F2D926A6FCDA00D5FBB6 /* NewsViewController.swift in Sources */,
				4969F30526A7097600D5FBB6 /* Globals.swift in Sources */,
				49B7DD0426A7F01800ADFCF8 /* NewsDetailsViewController.swift in Sources */,
				4969F2D526A6FCDA00D5FBB6 /* AppDelegate.swift in Sources */,
				49B7DD0C26A811AA00ADFCF8 /* NewsViewModel.swift in Sources */,
				4969F2D726A6FCDA00D5FBB6 /* SceneDelegate.swift in Sources */,
				49B7DD0A26A8113500ADFCF8 /* APIHandler.swift in Sources */,
				4969F30326A7093C00D5FBB6 /* Errors.swift in Sources */,
			);
			runOnlyForDeploymentPostprocessing = 0;
		};
		4969F2E326A6FCDF00D5FBB6 /* Sources */ = {
			isa = PBXSourcesBuildPhase;
			buildActionMask = 2147483647;
			files = (
				4969F2EC26A6FCDF00D5FBB6 /* NewsAPITests.swift in Sources */,
			);
			runOnlyForDeploymentPostprocessing = 0;
		};
/* End PBXSourcesBuildPhase section */

/* Begin PBXTargetDependency section */
		4969F2E926A6FCDF00D5FBB6 /* PBXTargetDependency */ = {
			isa = PBXTargetDependency;
			target = 4969F2D026A6FCDA00D5FBB6 /* NewsAPI */;
			targetProxy = 4969F2E826A6FCDF00D5FBB6 /* PBXContainerItemProxy */;
		};
/* End PBXTargetDependency section */

/* Begin PBXVariantGroup section */
		4969F2DA26A6FCDA00D5FBB6 /* Main.storyboard */ = {
			isa = PBXVariantGroup;
			children = (
				4969F2DB26A6FCDA00D5FBB6 /* Base */,
			);
			name = Main.storyboard;
			sourceTree = "<group>";
		};
		4969F2DF26A6FCDF00D5FBB6 /* LaunchScreen.storyboard */ = {
			isa = PBXVariantGroup;
			children = (
				4969F2E026A6FCDF00D5FBB6 /* Base */,
			);
			name = LaunchScreen.storyboard;
			sourceTree = "<group>";
		};
/* End PBXVariantGroup section */

/* Begin XCBuildConfiguration section */
		4969F2EE26A6FCDF00D5FBB6 /* Debug */ = {
			isa = XCBuildConfiguration;
			buildSettings = {
				ALWAYS_SEARCH_USER_PATHS = NO;
				CLANG_ANALYZER_NONNULL = YES;
				CLANG_ANALYZER_NUMBER_OBJECT_CONVERSION = YES_AGGRESSIVE;
				CLANG_CXX_LANGUAGE_STANDARD = "gnu++14";
				CLANG_CXX_LIBRARY = "libc++";
				CLANG_ENABLE_MODULES = YES;
				CLANG_ENABLE_OBJC_ARC = YES;
				CLANG_ENABLE_OBJC_WEAK = YES;
				CLANG_WARN_BLOCK_CAPTURE_AUTORELEASING = YES;
				CLANG_WARN_BOOL_CONVERSION = YES;
				CLANG_WARN_COMMA = YES;
				CLANG_WARN_CONSTANT_CONVERSION = YES;
				CLANG_WARN_DEPRECATED_OBJC_IMPLEMENTATIONS = YES;
				CLANG_WARN_DIRECT_OBJC_ISA_USAGE = YES_ERROR;
				CLANG_WARN_DOCUMENTATION_COMMENTS = YES;
				CLANG_WARN_EMPTY_BODY = YES;
				CLANG_WARN_ENUM_CONVERSION = YES;
				CLANG_WARN_INFINITE_RECURSION = YES;
				CLANG_WARN_INT_CONVERSION = YES;
				CLANG_WARN_NON_LITERAL_NULL_CONVERSION = YES;
				CLANG_WARN_OBJC_IMPLICIT_RETAIN_SELF = YES;
				CLANG_WARN_OBJC_LITERAL_CONVERSION = YES;
				CLANG_WARN_OBJC_ROOT_CLASS = YES_ERROR;
				CLANG_WARN_RANGE_LOOP_ANALYSIS = YES;
				CLANG_WARN_STRICT_PROTOTYPES = YES;
				CLANG_WARN_SUSPICIOUS_MOVE = YES;
				CLANG_WARN_UNGUARDED_AVAILABILITY = YES_AGGRESSIVE;
				CLANG_WARN_UNREACHABLE_CODE = YES;
				CLANG_WARN__DUPLICATE_METHOD_MATCH = YES;
				COPY_PHASE_STRIP = NO;
				DEBUG_INFORMATION_FORMAT = dwarf;
				ENABLE_STRICT_OBJC_MSGSEND = YES;
				ENABLE_TESTABILITY = YES;
				GCC_C_LANGUAGE_STANDARD = gnu11;
				GCC_DYNAMIC_NO_PIC = NO;
				GCC_NO_COMMON_BLOCKS = YES;
				GCC_OPTIMIZATION_LEVEL = 0;
				GCC_PREPROCESSOR_DEFINITIONS = (
					"DEBUG=1",
					"$(inherited)",
				);
				GCC_WARN_64_TO_32_BIT_CONVERSION = YES;
				GCC_WARN_ABOUT_RETURN_TYPE = YES_ERROR;
				GCC_WARN_UNDECLARED_SELECTOR = YES;
				GCC_WARN_UNINITIALIZED_AUTOS = YES_AGGRESSIVE;
				GCC_WARN_UNUSED_FUNCTION = YES;
				GCC_WARN_UNUSED_VARIABLE = YES;
				IPHONEOS_DEPLOYMENT_TARGET = 13.5;
				MTL_ENABLE_DEBUG_INFO = INCLUDE_SOURCE;
				MTL_FAST_MATH = YES;
				ONLY_ACTIVE_ARCH = YES;
				SDKROOT = iphoneos;
				SWIFT_ACTIVE_COMPILATION_CONDITIONS = DEBUG;
				SWIFT_OPTIMIZATION_LEVEL = "-Onone";
			};
			name = Debug;
		};
		4969F2EF26A6FCDF00D5FBB6 /* Release */ = {
			isa = XCBuildConfiguration;
			buildSettings = {
				ALWAYS_SEARCH_USER_PATHS = NO;
				CLANG_ANALYZER_NONNULL = YES;
				CLANG_ANALYZER_NUMBER_OBJECT_CONVERSION = YES_AGGRESSIVE;
				CLANG_CXX_LANGUAGE_STANDARD = "gnu++14";
				CLANG_CXX_LIBRARY = "libc++";
				CLANG_ENABLE_MODULES = YES;
				CLANG_ENABLE_OBJC_ARC = YES;
				CLANG_ENABLE_OBJC_WEAK = YES;
				CLANG_WARN_BLOCK_CAPTURE_AUTORELEASING = YES;
				CLANG_WARN_BOOL_CONVERSION = YES;
				CLANG_WARN_COMMA = YES;
				CLANG_WARN_CONSTANT_CONVERSION = YES;
				CLANG_WARN_DEPRECATED_OBJC_IMPLEMENTATIONS = YES;
				CLANG_WARN_DIRECT_OBJC_ISA_USAGE = YES_ERROR;
				CLANG_WARN_DOCUMENTATION_COMMENTS = YES;
				CLANG_WARN_EMPTY_BODY = YES;
				CLANG_WARN_ENUM_CONVERSION = YES;
				CLANG_WARN_INFINITE_RECURSION = YES;
				CLANG_WARN_INT_CONVERSION = YES;
				CLANG_WARN_NON_LITERAL_NULL_CONVERSION = YES;
				CLANG_WARN_OBJC_IMPLICIT_RETAIN_SELF = YES;
				CLANG_WARN_OBJC_LITERAL_CONVERSION = YES;
				CLANG_WARN_OBJC_ROOT_CLASS = YES_ERROR;
				CLANG_WARN_RANGE_LOOP_ANALYSIS = YES;
				CLANG_WARN_STRICT_PROTOTYPES = YES;
				CLANG_WARN_SUSPICIOUS_MOVE = YES;
				CLANG_WARN_UNGUARDED_AVAILABILITY = YES_AGGRESSIVE;
				CLANG_WARN_UNREACHABLE_CODE = YES;
				CLANG_WARN__DUPLICATE_METHOD_MATCH = YES;
				COPY_PHASE_STRIP = NO;
				DEBUG_INFORMATION_FORMAT = "dwarf-with-dsym";
				ENABLE_NS_ASSERTIONS = NO;
				ENABLE_STRICT_OBJC_MSGSEND = YES;
				GCC_C_LANGUAGE_STANDARD = gnu11;
				GCC_NO_COMMON_BLOCKS = YES;
				GCC_WARN_64_TO_32_BIT_CONVERSION = YES;
				GCC_WARN_ABOUT_RETURN_TYPE = YES_ERROR;
				GCC_WARN_UNDECLARED_SELECTOR = YES;
				GCC_WARN_UNINITIALIZED_AUTOS = YES_AGGRESSIVE;
				GCC_WARN_UNUSED_FUNCTION = YES;
				GCC_WARN_UNUSED_VARIABLE = YES;
				IPHONEOS_DEPLOYMENT_TARGET = 13.5;
				MTL_ENABLE_DEBUG_INFO = NO;
				MTL_FAST_MATH = YES;
				SDKROOT = iphoneos;
				SWIFT_COMPILATION_MODE = wholemodule;
				SWIFT_OPTIMIZATION_LEVEL = "-O";
				VALIDATE_PRODUCT = YES;
			};
			name = Release;
		};
		4969F2F126A6FCDF00D5FBB6 /* Debug */ = {
			isa = XCBuildConfiguration;
			baseConfigurationReference = 47A84F8403F4DDDCB78E48A9 /* Pods-NewsAPI.debug.xcconfig */;
			buildSettings = {
				ASSETCATALOG_COMPILER_APPICON_NAME = AppIcon;
				CODE_SIGN_STYLE = Automatic;
				INFOPLIST_FILE = "$(SRCROOT)/NewsAPI/Supporting Files/Info.plist";
				LD_RUNPATH_SEARCH_PATHS = (
					"$(inherited)",
					"@executable_path/Frameworks",
				);
				PRODUCT_BUNDLE_IDENTIFIER = com.PC3.NewsAPI;
				PRODUCT_NAME = "$(TARGET_NAME)";
				SWIFT_VERSION = 5.0;
				TARGETED_DEVICE_FAMILY = "1,2";
			};
			name = Debug;
		};
		4969F2F226A6FCDF00D5FBB6 /* Release */ = {
			isa = XCBuildConfiguration;
			baseConfigurationReference = 16CB9776C984D46F6D0C5740 /* Pods-NewsAPI.release.xcconfig */;
			buildSettings = {
				ASSETCATALOG_COMPILER_APPICON_NAME = AppIcon;
				CODE_SIGN_STYLE = Automatic;
				INFOPLIST_FILE = "$(SRCROOT)/NewsAPI/Supporting Files/Info.plist";
				LD_RUNPATH_SEARCH_PATHS = (
					"$(inherited)",
					"@executable_path/Frameworks",
				);
				PRODUCT_BUNDLE_IDENTIFIER = com.PC3.NewsAPI;
				PRODUCT_NAME = "$(TARGET_NAME)";
				SWIFT_VERSION = 5.0;
				TARGETED_DEVICE_FAMILY = "1,2";
			};
			name = Release;
		};
		4969F2F426A6FCDF00D5FBB6 /* Debug */ = {
			isa = XCBuildConfiguration;
			baseConfigurationReference = 6F4B1A5D7C08A88213853096 /* Pods-NewsAPITests.debug.xcconfig */;
			buildSettings = {
				ALWAYS_EMBED_SWIFT_STANDARD_LIBRARIES = YES;
				BUNDLE_LOADER = "$(TEST_HOST)";
				CODE_SIGN_STYLE = Automatic;
				INFOPLIST_FILE = NewsAPITests/Info.plist;
				IPHONEOS_DEPLOYMENT_TARGET = 13.5;
				LD_RUNPATH_SEARCH_PATHS = (
					"$(inherited)",
					"@executable_path/Frameworks",
					"@loader_path/Frameworks",
				);
				PRODUCT_BUNDLE_IDENTIFIER = com.PC3.NewsAPITests;
				PRODUCT_NAME = "$(TARGET_NAME)";
				SWIFT_VERSION = 5.0;
				TARGETED_DEVICE_FAMILY = "1,2";
				TEST_HOST = "$(BUILT_PRODUCTS_DIR)/NewsAPI.app/NewsAPI";
			};
			name = Debug;
		};
		4969F2F526A6FCDF00D5FBB6 /* Release */ = {
			isa = XCBuildConfiguration;
			baseConfigurationReference = 0B76E4F8156B5A1E941DCE7B /* Pods-NewsAPITests.release.xcconfig */;
			buildSettings = {
				ALWAYS_EMBED_SWIFT_STANDARD_LIBRARIES = YES;
				BUNDLE_LOADER = "$(TEST_HOST)";
				CODE_SIGN_STYLE = Automatic;
				INFOPLIST_FILE = NewsAPITests/Info.plist;
				IPHONEOS_DEPLOYMENT_TARGET = 13.5;
				LD_RUNPATH_SEARCH_PATHS = (
					"$(inherited)",
					"@executable_path/Frameworks",
					"@loader_path/Frameworks",
				);
				PRODUCT_BUNDLE_IDENTIFIER = com.PC3.NewsAPITests;
				PRODUCT_NAME = "$(TARGET_NAME)";
				SWIFT_VERSION = 5.0;
				TARGETED_DEVICE_FAMILY = "1,2";
				TEST_HOST = "$(BUILT_PRODUCTS_DIR)/NewsAPI.app/NewsAPI";
			};
			name = Release;
		};
/* End XCBuildConfiguration section */

/* Begin XCConfigurationList section */
		4969F2CC26A6FCDA00D5FBB6 /* Build configuration list for PBXProject "NewsAPI" */ = {
			isa = XCConfigurationList;
			buildConfigurations = (
				4969F2EE26A6FCDF00D5FBB6 /* Debug */,
				4969F2EF26A6FCDF00D5FBB6 /* Release */,
			);
			defaultConfigurationIsVisible = 0;
			defaultConfigurationName = Release;
		};
		4969F2F026A6FCDF00D5FBB6 /* Build configuration list for PBXNativeTarget "NewsAPI" */ = {
			isa = XCConfigurationList;
			buildConfigurations = (
				4969F2F126A6FCDF00D5FBB6 /* Debug */,
				4969F2F226A6FCDF00D5FBB6 /* Release */,
			);
			defaultConfigurationIsVisible = 0;
			defaultConfigurationName = Release;
		};
		4969F2F326A6FCDF00D5FBB6 /* Build configuration list for PBXNativeTarget "NewsAPITests" */ = {
			isa = XCConfigurationList;
			buildConfigurations = (
				4969F2F426A6FCDF00D5FBB6 /* Debug */,
				4969F2F526A6FCDF00D5FBB6 /* Release */,
			);
			defaultConfigurationIsVisible = 0;
			defaultConfigurationName = Release;
		};
/* End XCConfigurationList section */
	};
	rootObject = 4969F2C926A6FCDA00D5FBB6 /* Project object */;
}
